
Microsoft Visual Studio Solution File, Format Version 12.00
# Visual Studio Version 16
VisualStudioVersion = 16.0.32929.386
MinimumVisualStudioVersion = 10.0.40219.1
Project("{FAE04EC0-301F-11D3-BF4B-00C04F79EFBC}") = "GioithieuCongTy", "GioithieuCongTy\GioithieuCongTy.csproj", "{88134C38-257D-4159-99B0-233C6755D8DF}"
EndProject
Global
	GlobalSection(SolutionConfigurationPlatforms) = preSolution
		Debug|Any CPU = Debug|Any CPU
		Release|Any CPU = Release|Any CPU
	EndGlobalSection
	GlobalSection(ProjectConfigurationPlatforms) = postSolution
		{88134C38-257D-4159-99B0-233C6755D8DF}.Debug|Any CPU.ActiveCfg = Debug|Any CPU
		{88134C38-257D-4159-99B0-233C6755D8DF}.Debug|Any CPU.Build.0 = Debug|Any CPU
		{88134C38-257D-4159-99B0-233C6755D8DF}.Release|Any CPU.ActiveCfg = Release|Any CPU
		{88134C38-257D-4159-99B0-233C6755D8DF}.Release|Any CPU.Build.0 = Release|Any CPU
	EndGlobalSection
	GlobalSection(SolutionProperties) = preSolution
		HideSolutionNode = FALSE
	EndGlobalSection
	GlobalSection(ExtensibilityGlobals) = postSolution
		SolutionGuid = {1E7955D1-D1D5-4201-9464-0871D64A4414}
	EndGlobalSection
EndGlobal
